
Microsoft Visual Studio Solution File, Format Version 12.00
# Visual Studio Version 17
VisualStudioVersion = 17.9.34728.123
MinimumVisualStudioVersion = 10.0.40219.1
Project("{FAE04EC0-301F-11D3-BF4B-00C04F79EFBC}") = "Compiler", "Compiler\Compiler.csproj", "{AC411D0C-778A-43B5-8E21-A031A016D226}"
EndProject
Global
	GlobalSection(SolutionConfigurationPlatforms) = preSolution
		Debug|Any CPU = Debug|Any CPU
		Release|Any CPU = Release|Any CPU
	EndGlobalSection
	GlobalSection(ProjectConfigurationPlatforms) = postSolution
		{AC411D0C-778A-43B5-8E21-A031A016D226}.Debug|Any CPU.ActiveCfg = Debug|Any CPU
		{AC411D0C-778A-43B5-8E21-A031A016D226}.Debug|Any CPU.Build.0 = Debug|Any CPU
		{AC411D0C-778A-43B5-8E21-A031A016D226}.Release|Any CPU.ActiveCfg = Release|Any CPU
		{AC411D0C-778A-43B5-8E21-A031A016D226}.Release|Any CPU.Build.0 = Release|Any CPU
	EndGlobalSection
	GlobalSection(SolutionProperties) = preSolution
		HideSolutionNode = FALSE
	EndGlobalSection
	GlobalSection(ExtensibilityGlobals) = postSolution
		SolutionGuid = {48DD960F-42EC-41EB-9C52-50774C2CA277}
	EndGlobalSection
EndGlobal
